
Microsoft Visual Studio Solution File, Format Version 12.00
# Visual Studio Version 17
VisualStudioVersion = 17.4.33015.44
MinimumVisualStudioVersion = 10.0.40219.1
Project("{FAE04EC0-301F-11D3-BF4B-00C04F79EFBC}") = "System.CommandLine", "System.CommandLine\System.CommandLine.csproj", "{BEDE768B-2ADE-4FCD-B61B-DC71BA86F214}"
EndProject
Project("{9A19103F-16F7-4668-BE54-9A1E7A4F7556}") = "cmdline-1", "cmdline-1\cmdline-1.csproj", "{52FEFDAB-8E16-4A2B-9226-ED1590EE2A85}"
EndProject
Project("{9A19103F-16F7-4668-BE54-9A1E7A4F7556}") = "cmdline-2", "cmdline-2\cmdline-2.csproj", "{4EA24732-996E-44A2-ADFE-41EA3A569D5E}"
EndProject
Project("{FAE04EC0-301F-11D3-BF4B-00C04F79EFBC}") = "cmdline-3", "cmdline-3\cmdline-3.csproj", "{58AE9086-AB61-4207-B7C9-2AB202FC3600}"
EndProject
Global
	GlobalSection(SolutionConfigurationPlatforms) = preSolution
		Debug|Any CPU = Debug|Any CPU
		Release|Any CPU = Release|Any CPU
	EndGlobalSection
	GlobalSection(ProjectConfigurationPlatforms) = postSolution
		{BEDE768B-2ADE-4FCD-B61B-DC71BA86F214}.Debug|Any CPU.ActiveCfg = Debug|Any CPU
		{BEDE768B-2ADE-4FCD-B61B-DC71BA86F214}.Debug|Any CPU.Build.0 = Debug|Any CPU
		{BEDE768B-2ADE-4FCD-B61B-DC71BA86F214}.Release|Any CPU.ActiveCfg = Release|Any CPU
		{BEDE768B-2ADE-4FCD-B61B-DC71BA86F214}.Release|Any CPU.Build.0 = Release|Any CPU
		{52FEFDAB-8E16-4A2B-9226-ED1590EE2A85}.Debug|Any CPU.ActiveCfg = Debug|Any CPU
		{52FEFDAB-8E16-4A2B-9226-ED1590EE2A85}.Debug|Any CPU.Build.0 = Debug|Any CPU
		{52FEFDAB-8E16-4A2B-9226-ED1590EE2A85}.Release|Any CPU.ActiveCfg = Release|Any CPU
		{52FEFDAB-8E16-4A2B-9226-ED1590EE2A85}.Release|Any CPU.Build.0 = Release|Any CPU
		{4EA24732-996E-44A2-ADFE-41EA3A569D5E}.Debug|Any CPU.ActiveCfg = Debug|Any CPU
		{4EA24732-996E-44A2-ADFE-41EA3A569D5E}.Debug|Any CPU.Build.0 = Debug|Any CPU
		{4EA24732-996E-44A2-ADFE-41EA3A569D5E}.Release|Any CPU.ActiveCfg = Release|Any CPU
		{4EA24732-996E-44A2-ADFE-41EA3A569D5E}.Release|Any CPU.Build.0 = Release|Any CPU
		{58AE9086-AB61-4207-B7C9-2AB202FC3600}.Debug|Any CPU.ActiveCfg = Debug|Any CPU
		{58AE9086-AB61-4207-B7C9-2AB202FC3600}.Debug|Any CPU.Build.0 = Debug|Any CPU
		{58AE9086-AB61-4207-B7C9-2AB202FC3600}.Release|Any CPU.ActiveCfg = Release|Any CPU
		{58AE9086-AB61-4207-B7C9-2AB202FC3600}.Release|Any CPU.Build.0 = Release|Any CPU
	EndGlobalSection
	GlobalSection(SolutionProperties) = preSolution
		HideSolutionNode = FALSE
	EndGlobalSection
	GlobalSection(ExtensibilityGlobals) = postSolution
		SolutionGuid = {95D0E565-6335-43D5-889B-CBC4FF670F9E}
	EndGlobalSection
EndGlobal
